
Microsoft Visual Studio Solution File, Format Version 12.00
# Visual Studio Version 16
VisualStudioVersion = 16.0.32002.261
MinimumVisualStudioVersion = 10.0.40219.1
Project("{2150E333-8FDC-42A3-9474-1A3956D46DE8}") = "Services", "Services", "{51AD46DB-9353-4096-A96E-F8615A589142}"
EndProject
Project("{2150E333-8FDC-42A3-9474-1A3956D46DE8}") = "Catalog", "Catalog", "{00D09A83-83C3-442C-B466-93B43886901B}"
EndProject
Project("{9A19103F-16F7-4668-BE54-9A1E7A4F7556}") = "Catalog.API", "Services\Catalog\Catalog.API\Catalog.API.csproj", "{6EB244C3-B8B5-41EA-BCEA-3926B984B014}"
EndProject
Project("{E53339B2-1760-4266-BCC7-CA923CBCF16C}") = "docker-compose", "docker-compose.dcproj", "{6EEE1982-E636-45A2-AC85-3E8EC663E6DF}"
EndProject
Project("{2150E333-8FDC-42A3-9474-1A3956D46DE8}") = "Basket", "Basket", "{FA387791-E6EE-4815-908B-8E355DE166A3}"
EndProject
Project("{FAE04EC0-301F-11D3-BF4B-00C04F79EFBC}") = "Basket.API", "Services\Basket\Basket.API\Basket.API.csproj", "{29261C5A-D5BA-4AB5-8ECB-AEB02ECCE3F5}"
EndProject
Global
	GlobalSection(SolutionConfigurationPlatforms) = preSolution
		Debug|Any CPU = Debug|Any CPU
		Release|Any CPU = Release|Any CPU
	EndGlobalSection
	GlobalSection(ProjectConfigurationPlatforms) = postSolution
		{6EB244C3-B8B5-41EA-BCEA-3926B984B014}.Debug|Any CPU.ActiveCfg = Debug|Any CPU
		{6EB244C3-B8B5-41EA-BCEA-3926B984B014}.Debug|Any CPU.Build.0 = Debug|Any CPU
		{6EB244C3-B8B5-41EA-BCEA-3926B984B014}.Release|Any CPU.ActiveCfg = Release|Any CPU
		{6EB244C3-B8B5-41EA-BCEA-3926B984B014}.Release|Any CPU.Build.0 = Release|Any CPU
		{6EEE1982-E636-45A2-AC85-3E8EC663E6DF}.Debug|Any CPU.ActiveCfg = Debug|Any CPU
		{6EEE1982-E636-45A2-AC85-3E8EC663E6DF}.Debug|Any CPU.Build.0 = Debug|Any CPU
		{6EEE1982-E636-45A2-AC85-3E8EC663E6DF}.Release|Any CPU.ActiveCfg = Release|Any CPU
		{6EEE1982-E636-45A2-AC85-3E8EC663E6DF}.Release|Any CPU.Build.0 = Release|Any CPU
		{29261C5A-D5BA-4AB5-8ECB-AEB02ECCE3F5}.Debug|Any CPU.ActiveCfg = Debug|Any CPU
		{29261C5A-D5BA-4AB5-8ECB-AEB02ECCE3F5}.Debug|Any CPU.Build.0 = Debug|Any CPU
		{29261C5A-D5BA-4AB5-8ECB-AEB02ECCE3F5}.Release|Any CPU.ActiveCfg = Release|Any CPU
		{29261C5A-D5BA-4AB5-8ECB-AEB02ECCE3F5}.Release|Any CPU.Build.0 = Release|Any CPU
	EndGlobalSection
	GlobalSection(SolutionProperties) = preSolution
		HideSolutionNode = FALSE
	EndGlobalSection
	GlobalSection(NestedProjects) = preSolution
		{00D09A83-83C3-442C-B466-93B43886901B} = {51AD46DB-9353-4096-A96E-F8615A589142}
		{6EB244C3-B8B5-41EA-BCEA-3926B984B014} = {00D09A83-83C3-442C-B466-93B43886901B}
		{FA387791-E6EE-4815-908B-8E355DE166A3} = {51AD46DB-9353-4096-A96E-F8615A589142}
		{29261C5A-D5BA-4AB5-8ECB-AEB02ECCE3F5} = {FA387791-E6EE-4815-908B-8E355DE166A3}
	EndGlobalSection
	GlobalSection(ExtensibilityGlobals) = postSolution
		SolutionGuid = {2A42AE0A-4950-4681-B516-0080D212E9C2}
	EndGlobalSection
EndGlobal
